
Microsoft Visual Studio Solution File, Format Version 12.00
# Visual Studio 15
VisualStudioVersion = 15.0.28010.2041
MinimumVisualStudioVersion = 10.0.40219.1
Project("{FAE04EC0-301F-11D3-BF4B-00C04F79EFBC}") = "Capitulo1", "Capitulo1\Capitulo1.csproj", "{CF0AF4CF-8C88-4070-A8E0-E9D6B21D07B3}"
EndProject
Global
	GlobalSection(SolutionConfigurationPlatforms) = preSolution
		Debug|Any CPU = Debug|Any CPU
		Release|Any CPU = Release|Any CPU
	EndGlobalSection
	GlobalSection(ProjectConfigurationPlatforms) = postSolution
		{CF0AF4CF-8C88-4070-A8E0-E9D6B21D07B3}.Debug|Any CPU.ActiveCfg = Debug|Any CPU
		{CF0AF4CF-8C88-4070-A8E0-E9D6B21D07B3}.Debug|Any CPU.Build.0 = Debug|Any CPU
		{CF0AF4CF-8C88-4070-A8E0-E9D6B21D07B3}.Release|Any CPU.ActiveCfg = Release|Any CPU
		{CF0AF4CF-8C88-4070-A8E0-E9D6B21D07B3}.Release|Any CPU.Build.0 = Release|Any CPU
	EndGlobalSection
	GlobalSection(SolutionProperties) = preSolution
		HideSolutionNode = FALSE
	EndGlobalSection
	GlobalSection(ExtensibilityGlobals) = postSolution
		SolutionGuid = {86A3BD80-A4D1-4DEA-A884-545077B96260}
	EndGlobalSection
EndGlobal
